
Microsoft Visual Studio Solution File, Format Version 12.00
# Visual Studio Version 16
VisualStudioVersion = 16.0.30320.27
MinimumVisualStudioVersion = 10.0.40219.1
Project("{9A19103F-16F7-4668-BE54-9A1E7A4F7556}") = "cloud-of-ashes", "cloud-of-ashes\cloud-of-ashes.csproj", "{D955E040-1FC4-4848-872B-C50671095C70}"
EndProject
Project("{FAE04EC0-301F-11D3-BF4B-00C04F79EFBC}") = "FizzBuzz", "FizzBuzz\FizzBuzz.csproj", "{0E44F465-BF13-46A2-B452-8AE9EFEAC6B6}"
EndProject
Project("{FAE04EC0-301F-11D3-BF4B-00C04F79EFBC}") = "Combat", "Combat\Combat.csproj", "{44A9B9CB-6FE4-426B-A032-2A2470553389}"
EndProject
Global
	GlobalSection(SolutionConfigurationPlatforms) = preSolution
		Debug|Any CPU = Debug|Any CPU
		Release|Any CPU = Release|Any CPU
	EndGlobalSection
	GlobalSection(ProjectConfigurationPlatforms) = postSolution
		{D955E040-1FC4-4848-872B-C50671095C70}.Debug|Any CPU.ActiveCfg = Debug|Any CPU
		{D955E040-1FC4-4848-872B-C50671095C70}.Debug|Any CPU.Build.0 = Debug|Any CPU
		{D955E040-1FC4-4848-872B-C50671095C70}.Release|Any CPU.ActiveCfg = Release|Any CPU
		{D955E040-1FC4-4848-872B-C50671095C70}.Release|Any CPU.Build.0 = Release|Any CPU
		{0E44F465-BF13-46A2-B452-8AE9EFEAC6B6}.Debug|Any CPU.ActiveCfg = Debug|Any CPU
		{0E44F465-BF13-46A2-B452-8AE9EFEAC6B6}.Debug|Any CPU.Build.0 = Debug|Any CPU
		{0E44F465-BF13-46A2-B452-8AE9EFEAC6B6}.Release|Any CPU.ActiveCfg = Release|Any CPU
		{0E44F465-BF13-46A2-B452-8AE9EFEAC6B6}.Release|Any CPU.Build.0 = Release|Any CPU
		{44A9B9CB-6FE4-426B-A032-2A2470553389}.Debug|Any CPU.ActiveCfg = Debug|Any CPU
		{44A9B9CB-6FE4-426B-A032-2A2470553389}.Debug|Any CPU.Build.0 = Debug|Any CPU
		{44A9B9CB-6FE4-426B-A032-2A2470553389}.Release|Any CPU.ActiveCfg = Release|Any CPU
		{44A9B9CB-6FE4-426B-A032-2A2470553389}.Release|Any CPU.Build.0 = Release|Any CPU
	EndGlobalSection
	GlobalSection(SolutionProperties) = preSolution
		HideSolutionNode = FALSE
	EndGlobalSection
	GlobalSection(ExtensibilityGlobals) = postSolution
		SolutionGuid = {1AFDBB5A-A649-4A11-A25C-86BC29E785C3}
	EndGlobalSection
EndGlobal
